
Microsoft Visual Studio Solution File, Format Version 12.00
# Visual Studio Version 17
VisualStudioVersion = 17.8.34322.80
MinimumVisualStudioVersion = 10.0.40219.1
Project("{FAE04EC0-301F-11D3-BF4B-00C04F79EFBC}") = "PetlaDoWhile", "PetlaDoWhile\PetlaDoWhile.csproj", "{0ACAEEAA-D92D-4A0B-B86C-C39C2C803C59}"
EndProject
Global
	GlobalSection(SolutionConfigurationPlatforms) = preSolution
		Debug|Any CPU = Debug|Any CPU
		Release|Any CPU = Release|Any CPU
	EndGlobalSection
	GlobalSection(ProjectConfigurationPlatforms) = postSolution
		{0ACAEEAA-D92D-4A0B-B86C-C39C2C803C59}.Debug|Any CPU.ActiveCfg = Debug|Any CPU
		{0ACAEEAA-D92D-4A0B-B86C-C39C2C803C59}.Debug|Any CPU.Build.0 = Debug|Any CPU
		{0ACAEEAA-D92D-4A0B-B86C-C39C2C803C59}.Release|Any CPU.ActiveCfg = Release|Any CPU
		{0ACAEEAA-D92D-4A0B-B86C-C39C2C803C59}.Release|Any CPU.Build.0 = Release|Any CPU
	EndGlobalSection
	GlobalSection(SolutionProperties) = preSolution
		HideSolutionNode = FALSE
	EndGlobalSection
	GlobalSection(ExtensibilityGlobals) = postSolution
		SolutionGuid = {B2FEE0FE-982F-4B74-BEAD-DB81B7508DD9}
	EndGlobalSection
EndGlobal
